{
  "version": "5",
  "specifiers": {
    "jsr:@std/assert@^1.0.13": "1.0.13",
    "jsr:@std/async@^1.0.13": "1.0.13",
    "jsr:@std/data-structures@^1.0.8": "1.0.8",
    "jsr:@std/fs@^1.0.18": "1.0.19",
    "jsr:@std/internal@^1.0.6": "1.0.9",
    "jsr:@std/internal@^1.0.8": "1.0.9",
    "jsr:@std/internal@^1.0.9": "1.0.9",
    "jsr:@std/path@^1.1.0": "1.1.1",
    "jsr:@std/path@^1.1.1": "1.1.1",
    "jsr:@std/testing@*": "1.0.14",
    "jsr:@std/testing@^1.0.14": "1.0.14",
    "npm:jsdom@^26.1.0": "26.1.0",
    "npm:stylis@^4.3.6": "4.3.6"
  },
  "jsr": {
    "@std/assert@1.0.13": {
      "integrity": "ae0d31e41919b12c656c742b22522c32fb26ed0cba32975cb0de2a273cb68b29",
      "dependencies": [
        "jsr:@std/internal@^1.0.6"
      ]
    },
    "@std/async@1.0.13": {
      "integrity": "1d76ca5d324aef249908f7f7fe0d39aaf53198e5420604a59ab5c035adc97c96"
    },
    "@std/data-structures@1.0.8": {
      "integrity": "2fb7219247e044c8fcd51341788547575653c82ae2c759ff209e0263ba7d9b66"
    },
    "@std/fs@1.0.19": {
      "integrity": "051968c2b1eae4d2ea9f79a08a3845740ef6af10356aff43d3e2ef11ed09fb06",
      "dependencies": [
        "jsr:@std/path@^1.1.1"
      ]
    },
    "@std/internal@1.0.8": {
      "integrity": "fc66e846d8d38a47cffd274d80d2ca3f0de71040f855783724bb6b87f60891f5"
    },
    "@std/internal@1.0.9": {
      "integrity": "bdfb97f83e4db7a13e8faab26fb1958d1b80cc64366501af78a0aee151696eb8"
    },
    "@std/path@1.1.1": {
      "integrity": "fe00026bd3a7e6a27f73709b83c607798be40e20c81dde655ce34052fd82ec76",
      "dependencies": [
        "jsr:@std/internal@^1.0.9"
      ]
    },
    "@std/testing@1.0.14": {
      "integrity": "144b3737105b9071cb50c957681f58a1b8ec0f3e5b19ad830f401c5fa931e8f0",
      "dependencies": [
        "jsr:@std/assert",
        "jsr:@std/async",
        "jsr:@std/data-structures",
        "jsr:@std/fs",
        "jsr:@std/internal@^1.0.8",
        "jsr:@std/path@^1.1.0"
      ]
    }
  },
  "npm": {
    "@asamuzakjp/css-color@3.2.0_@csstools+css-parser-algorithms@3.0.5__@csstools+css-tokenizer@3.0.4_@csstools+css-tokenizer@3.0.4": {
      "integrity": "sha512-K1A6z8tS3XsmCMM86xoWdn7Fkdn9m6RSVtocUrJYIwZnFVkng/PvkEoWtOWmP+Scc6saYWHWZYbndEEXxl24jw==",
      "dependencies": [
        "@csstools/css-calc",
        "@csstools/css-color-parser",
        "@csstools/css-parser-algorithms",
        "@csstools/css-tokenizer",
        "lru-cache"
      ]
    },
    "@csstools/color-helpers@5.0.2": {
      "integrity": "sha512-JqWH1vsgdGcw2RR6VliXXdA0/59LttzlU8UlRT/iUUsEeWfYq8I+K0yhihEUTTHLRm1EXvpsCx3083EU15ecsA=="
    },
    "@csstools/css-calc@2.1.4_@csstools+css-parser-algorithms@3.0.5__@csstools+css-tokenizer@3.0.4_@csstools+css-tokenizer@3.0.4": {
      "integrity": "sha512-3N8oaj+0juUw/1H3YwmDDJXCgTB1gKU6Hc/bB502u9zR0q2vd786XJH9QfrKIEgFlZmhZiq6epXl4rHqhzsIgQ==",
      "dependencies": [
        "@csstools/css-parser-algorithms",
        "@csstools/css-tokenizer"
      ]
    },
    "@csstools/css-color-parser@3.0.10_@csstools+css-parser-algorithms@3.0.5__@csstools+css-tokenizer@3.0.4_@csstools+css-tokenizer@3.0.4": {
      "integrity": "sha512-TiJ5Ajr6WRd1r8HSiwJvZBiJOqtH86aHpUjq5aEKWHiII2Qfjqd/HCWKPOW8EP4vcspXbHnXrwIDlu5savQipg==",
      "dependencies": [
        "@csstools/color-helpers",
        "@csstools/css-calc",
        "@csstools/css-parser-algorithms",
        "@csstools/css-tokenizer"
      ]
    },
    "@csstools/css-parser-algorithms@3.0.5_@csstools+css-tokenizer@3.0.4": {
      "integrity": "sha512-DaDeUkXZKjdGhgYaHNJTV9pV7Y9B3b644jCLs9Upc3VeNGg6LWARAT6O+Q+/COo+2gg/bM5rhpMAtf70WqfBdQ==",
      "dependencies": [
        "@csstools/css-tokenizer"
      ]
    },
    "@csstools/css-tokenizer@3.0.4": {
      "integrity": "sha512-Vd/9EVDiu6PPJt9yAh6roZP6El1xHrdvIVGjyBsHR0RYwNHgL7FJPyIIW4fANJNG6FtyZfvlRPpFI4ZM/lubvw=="
    },
    "@emnapi/core@1.4.3": {
      "integrity": "sha512-4m62DuCE07lw01soJwPiBGC0nAww0Q+RY70VZ+n49yDIO13yyinhbWCeNnaob0lakDtWQzSdtNWzJeOJt2ma+g==",
      "dependencies": [
        "@emnapi/wasi-threads",
        "tslib"
      ]
    },
    "@emnapi/runtime@1.4.3": {
      "integrity": "sha512-pBPWdu6MLKROBX05wSNKcNb++m5Er+KQ9QkB+WVM+pW2Kx9hoSrVTnu3BdkI5eBLZoKu/J6mW/B6i6bJB2ytXQ==",
      "dependencies": [
        "tslib"
      ]
    },
    "@emnapi/wasi-threads@1.0.2": {
      "integrity": "sha512-5n3nTJblwRi8LlXkJ9eBzu+kZR8Yxcc7ubakyQTFzPMtIhFpUBRbsnc2Dv88IZDIbCDlBiWrknhB4Lsz7mg6BA==",
      "dependencies": [
        "tslib"
      ]
    },
    "@napi-rs/wasm-runtime@0.2.11": {
      "integrity": "sha512-9DPkXtvHydrcOsopiYpUgPHpmj0HWZKMUnL2dZqpvC42lsratuBG06V5ipyno0fUek5VlFsNQ+AcFATSrJXgMA==",
      "dependencies": [
        "@emnapi/core",
        "@emnapi/runtime",
        "@tybys/wasm-util"
      ]
    },
    "@pkgjs/parseargs@0.11.0": {
      "integrity": "sha512-+1VkjdD0QBLPodGrJUeqarH8VAIvQODIbwh9XpP5Syisf7YoQgsJKPNFoqqLQlu+VQ/tVSshMR6loPMn8U+dPg=="
    },
    "@tybys/wasm-util@0.9.0": {
      "integrity": "sha512-6+7nlbMVX/PVDCwaIQ8nTOPveOcFLSt8GcXdx8hD0bt39uWxYT88uXzqTd4fTvqta7oeUJqudepapKNt2DYJFw==",
      "dependencies": [
        "tslib"
      ]
    },
    "@unrs/resolver-binding-android-arm-eabi@1.10.1": {
      "integrity": "sha512-zohDKXT1Ok0yhbVGff4YAg9HUs5ietG5GpvJBPFSApZnGe7uf2cd26DRhKZbn0Be6xHUZrSzP+RAgMmzyc71EA==",
      "os": ["android"],
      "cpu": ["arm"]
    },
    "@unrs/resolver-binding-android-arm64@1.10.1": {
      "integrity": "sha512-tAN6k5UrTd4nicpA7s2PbjR/jagpDzAmvXFjbpTazUe5FRsFxVcBlS1F5Lzp5jtWU6bdiqRhSvd4X8rdpCffeA==",
      "os": ["android"],
      "cpu": ["arm64"]
    },
    "@unrs/resolver-binding-darwin-arm64@1.10.1": {
      "integrity": "sha512-+FCsag8WkauI4dQ50XumCXdfvDCZEpMUnvZDsKMxfOisnEklpDFXc6ThY0WqybBYZbiwR5tWcFaZmI0G6b4vrg==",
      "os": ["darwin"],
      "cpu": ["arm64"]
    },
    "@unrs/resolver-binding-darwin-x64@1.10.1": {
      "integrity": "sha512-qYKGGm5wk71ONcXTMZ0+J11qQeOAPz3nw6VtqrBUUELRyXFyvK8cHhHsLBFR4GHnilc2pgY1HTB2TvdW9wO26Q==",
      "os": ["darwin"],
      "cpu": ["x64"]
    },
    "@unrs/resolver-binding-freebsd-x64@1.10.1": {
      "integrity": "sha512-hOHMAhbvIQ63gkpgeNsXcWPSyvXH7ZEyeg254hY0Lp/hX8NdW+FsUWq73g9946Pc/BrcVI/I3C1cmZ4RCX9bNw==",
      "os": ["freebsd"],
      "cpu": ["x64"]
    },
    "@unrs/resolver-binding-linux-arm-gnueabihf@1.10.1": {
      "integrity": "sha512-6ds7+zzHJgTDmpe0gmFcOTvSUhG5oZukkt+cCsSb3k4Uiz2yEQB4iCRITX2hBwSW+p8gAieAfecITjgqCkswXw==",
      "os": ["linux"],
      "cpu": ["arm"]
    },
    "@unrs/resolver-binding-linux-arm-musleabihf@1.10.1": {
      "integrity": "sha512-P7A0G2/jW00diNJyFeq4W9/nxovD62Ay8CMP4UK9OymC7qO7rG1a8Upad68/bdfpIOn7KSp7Aj/6lEW3yyznAA==",
      "os": ["linux"],
      "cpu": ["arm"]
    },
    "@unrs/resolver-binding-linux-arm64-gnu@1.10.1": {
      "integrity": "sha512-Cg6xzdkrpltcTPO4At+A79zkC7gPDQIgosJmVV8M104ImB6KZi1MrNXgDYIAfkhUYjPzjNooEDFRAwwPadS7ZA==",
      "os": ["linux"],
      "cpu": ["arm64"]
    },
    "@unrs/resolver-binding-linux-arm64-musl@1.10.1": {
      "integrity": "sha512-aNeg99bVkXa4lt+oZbjNRPC8ZpjJTKxijg/wILrJdzNyAymO2UC/HUK1UfDjt6T7U5p/mK24T3CYOi3/+YEQSA==",
      "os": ["linux"],
      "cpu": ["arm64"]
    },
    "@unrs/resolver-binding-linux-ppc64-gnu@1.10.1": {
      "integrity": "sha512-ylz5ojeXrkPrtnzVhpCO+YegG63/aKhkoTlY8PfMfBfLaUG8v6m6iqrL7sBUKdVBgOB4kSTUPt9efQdA/Y3Z/w==",
      "os": ["linux"],
      "cpu": ["ppc64"]
    },
    "@unrs/resolver-binding-linux-riscv64-gnu@1.10.1": {
      "integrity": "sha512-xcWyhmJfXXOxK7lvE4+rLwBq+on83svlc0AIypfe6x4sMJR+S4oD7n9OynaQShfj2SufPw2KJAotnsNb+4nN2g==",
      "os": ["linux"],
      "cpu": ["riscv64"]
    },
    "@unrs/resolver-binding-linux-riscv64-musl@1.10.1": {
      "integrity": "sha512-mW9JZAdOCyorgi1eLJr4gX7xS67WNG9XNPYj5P8VuttK72XNsmdw9yhOO4tDANMgiLXFiSFaiL1gEpoNtRPw/A==",
      "os": ["linux"],
      "cpu": ["riscv64"]
    },
    "@unrs/resolver-binding-linux-s390x-gnu@1.10.1": {
      "integrity": "sha512-NZGKhBy6xkJ0k09cWNZz4DnhBcGlhDd3W+j7EYoNvf5TSwj2K6kbmfqTWITEgkvjsMUjm1wsrc4IJaH6VtjyHQ==",
      "os": ["linux"],
      "cpu": ["s390x"]
    },
    "@unrs/resolver-binding-linux-x64-gnu@1.10.1": {
      "integrity": "sha512-VsjgckJ0gNMw7p0d8In6uPYr+s0p16yrT2rvG4v2jUpEMYkpnfnCiALa9SWshbvlGjKQ98Q2x19agm3iFk8w8Q==",
      "os": ["linux"],
      "cpu": ["x64"]
    },
    "@unrs/resolver-binding-linux-x64-musl@1.10.1": {
      "integrity": "sha512-idMnajMeejnaFi0Mx9UTLSYFDAOTfAEP7VjXNgxKApso3Eu2Njs0p2V95nNIyFi4oQVGFmIuCkoznAXtF/Zbmw==",
      "os": ["linux"],
      "cpu": ["x64"]
    },
    "@unrs/resolver-binding-wasm32-wasi@1.10.1": {
      "integrity": "sha512-7jyhjIRNFjzlr8x5pth6Oi9hv3a7ubcVYm2GBFinkBQKcFhw4nIs5BtauSNtDW1dPIGrxF0ciynCZqzxMrYMsg==",
      "dependencies": [
        "@napi-rs/wasm-runtime"
      ],
      "cpu": ["wasm32"]
    },
    "@unrs/resolver-binding-win32-arm64-msvc@1.10.1": {
      "integrity": "sha512-TY79+N+Gkoo7E99K+zmsKNeiuNJYlclZJtKqsHSls8We2iGhgxtletVsiBYie93MSTDRDMI8pkBZJlIJSZPrdA==",
      "os": ["win32"],
      "cpu": ["arm64"]
    },
    "@unrs/resolver-binding-win32-ia32-msvc@1.10.1": {
      "integrity": "sha512-BAJN5PEPlEV+1m8+PCtFoKm3LQ1P57B4Z+0+efU0NzmCaGk7pUaOxuPgl+m3eufVeeNBKiPDltG0sSB9qEfCxw==",
      "os": ["win32"],
      "cpu": ["ia32"]
    },
    "@unrs/resolver-binding-win32-x64-msvc@1.10.1": {
      "integrity": "sha512-2v3erKKmmCyIVvvhI2nF15qEbdBpISTq44m9pyd5gfIJB1PN94oePTLWEd82XUbIbvKhv76xTSeUQSCOGesLeg==",
      "os": ["win32"],
      "cpu": ["x64"]
    },
    "agent-base@7.1.3": {
      "integrity": "sha512-jRR5wdylq8CkOe6hei19GGZnxM6rBGwFl3Bg0YItGDimvjGtAvdZk4Pu6Cl4u4Igsws4a1fd1Vq3ezrhn4KmFw=="
    },
    "cssstyle@4.6.0": {
      "integrity": "sha512-2z+rWdzbbSZv6/rhtvzvqeZQHrBaqgogqt85sqFNbabZOuFbCVFb8kPeEtZjiKkbrm395irpNKiYeFeLiQnFPg==",
      "dependencies": [
        "@asamuzakjp/css-color",
        "rrweb-cssom"
      ]
    },
    "data-urls@5.0.0": {
      "integrity": "sha512-ZYP5VBHshaDAiVZxjbRVcFJpc+4xGgT0bK3vzy1HLN8jTO975HEbuYzZJcHoQEY5K1a0z8YayJkyVETa08eNTg==",
      "dependencies": [
        "whatwg-mimetype",
        "whatwg-url"
      ]
    },
    "debug@4.4.0": {
      "integrity": "sha512-6WTZ/IxCY/T6BALoZHaE4ctp9xm+Z5kY/pzYaCHRFeyVhojxlrm+46y68HA6hr0TcwEssoxNiDEUJQjfPZ/RYA==",
      "dependencies": [
        "ms"
      ]
    },
    "decimal.js@10.5.0": {
      "integrity": "sha512-8vDa8Qxvr/+d94hSh5P3IJwI5t8/c0KsMp+g8bNw9cY2icONa5aPfvKeieW1WlG0WQYwwhJ7mjui2xtiePQSXw=="
    },
    "entities@6.0.1": {
      "integrity": "sha512-aN97NXWF6AWBTahfVOIrB/NShkzi5H7F9r1s9mD3cDj4Ko5f2qhhVoYMibXF7GlLveb/D2ioWay8lxI97Ven3g=="
    },
    "fsevents@2.3.3": {
      "integrity": "sha512-5xoDfX+fL7faATnagmWPpbFtwh/R77WmMMqqHGS65C3vvB0YHrgF+B1YmZ3441tMj5n63k0212XNoJwzlhffQw==",
      "os": ["darwin"],
      "scripts": true
    },
    "html-encoding-sniffer@4.0.0": {
      "integrity": "sha512-Y22oTqIU4uuPgEemfz7NDJz6OeKf12Lsu+QC+s3BVpda64lTiMYCyGwg5ki4vFxkMwQdeZDl2adZoqUgdFuTgQ==",
      "dependencies": [
        "whatwg-encoding"
      ]
    },
    "http-proxy-agent@7.0.2": {
      "integrity": "sha512-T1gkAiYYDWYx3V5Bmyu7HcfcvL7mUrTWiM6yOfa3PIphViJ/gFPbvidQ+veqSOHci/PxBcDabeUNCzpOODJZig==",
      "dependencies": [
        "agent-base",
        "debug"
      ]
    },
    "https-proxy-agent@7.0.6": {
      "integrity": "sha512-vK9P5/iUfdl95AI+JVyUuIcVtd4ofvtrOr3HNtM2yxC9bnMbEdp3x01OhQNnjb8IJYi38VlTE3mBXwcfvywuSw==",
      "dependencies": [
        "agent-base",
        "debug"
      ]
    },
    "iconv-lite@0.6.3": {
      "integrity": "sha512-4fCk79wshMdzMp2rH06qWrJE4iolqLhCUH+OiuIgU++RB0+94NlDL81atO7GX55uUKueo0txHNtvEyI6D7WdMw==",
      "dependencies": [
        "safer-buffer"
      ]
    },
    "is-potential-custom-element-name@1.0.1": {
      "integrity": "sha512-bCYeRA2rVibKZd+s2625gGnGF/t7DSqDs4dP7CrLA1m7jKWz6pps0LpYLJN8Q64HtmPKJ1hrN3nzPNKFEKOUiQ=="
    },
    "jsdom@26.1.0": {
      "integrity": "sha512-Cvc9WUhxSMEo4McES3P7oK3QaXldCfNWp7pl2NNeiIFlCoLr3kfq9kb1fxftiwk1FLV7CvpvDfonxtzUDeSOPg==",
      "dependencies": [
        "cssstyle",
        "data-urls",
        "decimal.js",
        "html-encoding-sniffer",
        "http-proxy-agent",
        "https-proxy-agent",
        "is-potential-custom-element-name",
        "nwsapi",
        "parse5",
        "rrweb-cssom",
        "saxes",
        "symbol-tree",
        "tough-cookie",
        "w3c-xmlserializer",
        "webidl-conversions",
        "whatwg-encoding",
        "whatwg-mimetype",
        "whatwg-url",
        "ws",
        "xml-name-validator"
      ]
    },
    "lru-cache@10.4.3": {
      "integrity": "sha512-JNAzZcXrCt42VGLuYz0zfAzDfAvJWW6AfYlDBQyDV5DClI2m5sAmK+OIO7s59XfsRsWHp02jAJrRadPRGTt6SQ=="
    },
    "ms@2.1.3": {
      "integrity": "sha512-6FlzubTLZG3J2a/NVCAleEhjzq5oxgHyaCU9yYXvcLsvoVaHJq/s5xXI6/XXP6tz7R9xAOtHnSO/tXtF3WRTlA=="
    },
    "nwsapi@2.2.20": {
      "integrity": "sha512-/ieB+mDe4MrrKMT8z+mQL8klXydZWGR5Dowt4RAGKbJ3kIGEx3X4ljUo+6V73IXtUPWgfOlU5B9MlGxFO5T+cA=="
    },
    "parse5@7.3.0": {
      "integrity": "sha512-IInvU7fabl34qmi9gY8XOVxhYyMyuH2xUNpb2q8/Y+7552KlejkRvqvD19nMoUW/uQGGbqNpA6Tufu5FL5BZgw==",
      "dependencies": [
        "entities"
      ]
    },
    "punycode@2.3.1": {
      "integrity": "sha512-vYt7UD1U9Wg6138shLtLOvdAu+8DsC/ilFtEVHcH+wydcSpNE20AfSOduf6MkRFahL5FY7X1oU7nKVZFtfq8Fg=="
    },
    "rrweb-cssom@0.8.0": {
      "integrity": "sha512-guoltQEx+9aMf2gDZ0s62EcV8lsXR+0w8915TC3ITdn2YueuNjdAYh/levpU9nFaoChh9RUS5ZdQMrKfVEN9tw=="
    },
    "safer-buffer@2.1.2": {
      "integrity": "sha512-YZo3K82SD7Riyi0E1EQPojLz7kpepnSQI9IyPbHHg1XXXevb5dJI7tpyN2ADxGcQbHG7vcyRHk0cbwqcQriUtg=="
    },
    "saxes@6.0.0": {
      "integrity": "sha512-xAg7SOnEhrm5zI3puOOKyy1OMcMlIJZYNJY7xLBwSze0UjhPLnWfj2GF2EpT0jmzaJKIWKHLsaSSajf35bcYnA==",
      "dependencies": [
        "xmlchars"
      ]
    },
    "stylis@4.3.6": {
      "integrity": "sha512-yQ3rwFWRfwNUY7H5vpU0wfdkNSnvnJinhF9830Swlaxl03zsOjCfmX0ugac+3LtK0lYSgwL/KXc8oYL3mG4YFQ=="
    },
    "symbol-tree@3.2.4": {
      "integrity": "sha512-9QNk5KwDF+Bvz+PyObkmSYjI5ksVUYtjW7AU22r2NKcfLJcXp96hkDWU3+XndOsUb+AQ9QhfzfCT2O+CNWT5Tw=="
    },
    "tldts-core@6.1.86": {
      "integrity": "sha512-Je6p7pkk+KMzMv2XXKmAE3McmolOQFdxkKw0R8EYNr7sELW46JqnNeTX8ybPiQgvg1ymCoF8LXs5fzFaZvJPTA=="
    },
    "tldts@6.1.86": {
      "integrity": "sha512-WMi/OQ2axVTf/ykqCQgXiIct+mSQDFdH2fkwhPwgEwvJ1kSzZRiinb0zF2Xb8u4+OqPChmyI6MEu4EezNJz+FQ==",
      "dependencies": [
        "tldts-core"
      ],
      "bin": true
    },
    "tough-cookie@5.1.2": {
      "integrity": "sha512-FVDYdxtnj0G6Qm/DhNPSb8Ju59ULcup3tuJxkFb5K8Bv2pUXILbf0xZWU8PX8Ov19OXljbUyveOFwRMwkXzO+A==",
      "dependencies": [
        "tldts"
      ]
    },
    "tr46@5.1.1": {
      "integrity": "sha512-hdF5ZgjTqgAntKkklYw0R03MG2x/bSzTtkxmIRw/sTNV8YXsCJ1tfLAX23lhxhHJlEf3CRCOCGGWw3vI3GaSPw==",
      "dependencies": [
        "punycode"
      ]
    },
    "tslib@2.8.1": {
      "integrity": "sha512-oJFu94HQb+KVduSUQL7wnpmqnfmLsOA/nAh6b6EH0wCEoK0/mPeXU6c3wKDV83MkOuHPRHtSXKKU99IBazS/2w=="
    },
    "w3c-xmlserializer@5.0.0": {
      "integrity": "sha512-o8qghlI8NZHU1lLPrpi2+Uq7abh4GGPpYANlalzWxyWteJOCsr/P+oPBA49TOLu5FTZO4d3F9MnWJfiMo4BkmA==",
      "dependencies": [
        "xml-name-validator"
      ]
    },
    "webidl-conversions@7.0.0": {
      "integrity": "sha512-VwddBukDzu71offAQR975unBIGqfKZpM+8ZX6ySk8nYhVoo5CYaZyzt3YBvYtRtO+aoGlqxPg/B87NGVZ/fu6g=="
    },
    "whatwg-encoding@3.1.1": {
      "integrity": "sha512-6qN4hJdMwfYBtE3YBTTHhoeuUrDBPZmbQaxWAqSALV/MeEnR5z1xd8UKud2RAkFoPkmB+hli1TZSnyi84xz1vQ==",
      "dependencies": [
        "iconv-lite"
      ]
    },
    "whatwg-mimetype@4.0.0": {
      "integrity": "sha512-QaKxh0eNIi2mE9p2vEdzfagOKHCcj1pJ56EEHGQOVxp8r9/iszLUUV7v89x9O1p/T+NlTM5W7jW6+cz4Fq1YVg=="
    },
    "whatwg-url@14.2.0": {
      "integrity": "sha512-De72GdQZzNTUBBChsXueQUnPKDkg/5A5zp7pFDuQAj5UFoENpiACU0wlCvzpAGnTkj++ihpKwKyYewn/XNUbKw==",
      "dependencies": [
        "tr46",
        "webidl-conversions"
      ]
    },
    "ws@8.18.3": {
      "integrity": "sha512-PEIGCY5tSlUt50cqyMXfCzX+oOPqN0vuGqWzbcJ2xvnkzkq46oOpz7dQaTDBdfICb4N14+GARUDw2XV2N4tvzg=="
    },
    "xml-name-validator@5.0.0": {
      "integrity": "sha512-EvGK8EJ3DhaHfbRlETOWAS5pO9MZITeauHKJyb8wyajUfQUenkIg2MvLDTZ4T/TgIcm3HU0TFBgWWboAZ30UHg=="
    },
    "xmlchars@2.2.0": {
      "integrity": "sha512-JZnDKK8B0RCDw84FNdDAIpZK+JuJw+s7Lz8nksI7SIuU3UXJJslUthsi+uWBUYOwPFwW7W7PRLRfUKpxjtjFCw=="
    }
  },
  "workspace": {
    "dependencies": [
      "jsr:@std/assert@^1.0.13",
      "jsr:@std/testing@^1.0.14",
      "npm:stylis@^4.3.6"
    ],
    "packageJson": {
      "dependencies": [
        "npm:jsdom@^26.1.0"
      ]
    }
  }
}
